// !$*UTF8*$!
{
	archiveVersion = 1;
	classes = {
	};
	objectVersion = 56;
	objects = {

/* Begin PBXBuildFile section */
		5B155448A2E08D645D1571FE /* Pods_DI_Part_3___GCD.framework in Frameworks */ = {isa = PBXBuildFile; fileRef = A955B006CCDB1DA4BBF2647C /* Pods_DI_Part_3___GCD.framework */; };
		5B47176D2A2650230038121D /* AppDelegate.swift in Sources */ = {isa = PBXBuildFile; fileRef = 5B47176C2A2650230038121D /* AppDelegate.swift */; };
		5B47176F2A2650230038121D /* SceneDelegate.swift in Sources */ = {isa = PBXBuildFile; fileRef = 5B47176E2A2650230038121D /* SceneDelegate.swift */; };
		5B4717712A2650230038121D /* ViewController.swift in Sources */ = {isa = PBXBuildFile; fileRef = 5B4717702A2650230038121D /* ViewController.swift */; };
		5B4717742A2650230038121D /* Main.storyboard in Resources */ = {isa = PBXBuildFile; fileRef = 5B4717722A2650230038121D /* Main.storyboard */; };
		5B4717762A2650240038121D /* Assets.xcassets in Resources */ = {isa = PBXBuildFile; fileRef = 5B4717752A2650240038121D /* Assets.xcassets */; };
		5B4717792A2650240038121D /* LaunchScreen.storyboard in Resources */ = {isa = PBXBuildFile; fileRef = 5B4717772A2650240038121D /* LaunchScreen.storyboard */; };
		5B4717812A2657700038121D /* Response.swift in Sources */ = {isa = PBXBuildFile; fileRef = 5B4717802A2657700038121D /* Response.swift */; };
		5B4717832A26D6E20038121D /* ParkData.swift in Sources */ = {isa = PBXBuildFile; fileRef = 5B4717822A26D6E20038121D /* ParkData.swift */; };
		5B4717862A26D77D0038121D /* ParkInfo.swift in Sources */ = {isa = PBXBuildFile; fileRef = 5B4717852A26D77D0038121D /* ParkInfo.swift */; };
/* End PBXBuildFile section */

/* Begin PBXFileReference section */
		5B4717692A2650230038121D /* DI Part 3 - GCD.app */ = {isa = PBXFileReference; explicitFileType = wrapper.application; includeInIndex = 0; path = "DI Part 3 - GCD.app"; sourceTree = BUILT_PRODUCTS_DIR; };
		5B47176C2A2650230038121D /* AppDelegate.swift */ = {isa = PBXFileReference; lastKnownFileType = sourcecode.swift; path = AppDelegate.swift; sourceTree = "<group>"; };
		5B47176E2A2650230038121D /* SceneDelegate.swift */ = {isa = PBXFileReference; lastKnownFileType = sourcecode.swift; path = SceneDelegate.swift; sourceTree = "<group>"; };
		5B4717702A2650230038121D /* ViewController.swift */ = {isa = PBXFileReference; lastKnownFileType = sourcecode.swift; path = ViewController.swift; sourceTree = "<group>"; };
		5B4717732A2650230038121D /* Base */ = {isa = PBXFileReference; lastKnownFileType = file.storyboard; name = Base; path = Base.lproj/Main.storyboard; sourceTree = "<group>"; };
		5B4717752A2650240038121D /* Assets.xcassets */ = {isa = PBXFileReference; lastKnownFileType = folder.assetcatalog; path = Assets.xcassets; sourceTree = "<group>"; };
		5B4717782A2650240038121D /* Base */ = {isa = PBXFileReference; lastKnownFileType = file.storyboard; name = Base; path = Base.lproj/LaunchScreen.storyboard; sourceTree = "<group>"; };
		5B47177A2A2650240038121D /* Info.plist */ = {isa = PBXFileReference; lastKnownFileType = text.plist.xml; path = Info.plist; sourceTree = "<group>"; };
		5B4717802A2657700038121D /* Response.swift */ = {isa = PBXFileReference; lastKnownFileType = sourcecode.swift; path = Response.swift; sourceTree = "<group>"; };
		5B4717822A26D6E20038121D /* ParkData.swift */ = {isa = PBXFileReference; lastKnownFileType = sourcecode.swift; path = ParkData.swift; sourceTree = "<group>"; };
		5B4717852A26D77D0038121D /* ParkInfo.swift */ = {isa = PBXFileReference; lastKnownFileType = sourcecode.swift; path = ParkInfo.swift; sourceTree = "<group>"; };
		69F52F90AC3D2779F4741408 /* Pods-DI Part 3 - GCD.debug.xcconfig */ = {isa = PBXFileReference; includeInIndex = 1; lastKnownFileType = text.xcconfig; name = "Pods-DI Part 3 - GCD.debug.xcconfig"; path = "Target Support Files/Pods-DI Part 3 - GCD/Pods-DI Part 3 - GCD.debug.xcconfig"; sourceTree = "<group>"; };
		A955B006CCDB1DA4BBF2647C /* Pods_DI_Part_3___GCD.framework */ = {isa = PBXFileReference; explicitFileType = wrapper.framework; includeInIndex = 0; path = "Pods_DI_Part_3___GCD.framework"; sourceTree = BUILT_PRODUCTS_DIR; };
		C4286F94D03C56C0FC1DB82A /* Pods-DI Part 3 - GCD.release.xcconfig */ = {isa = PBXFileReference; includeInIndex = 1; lastKnownFileType = text.xcconfig; name = "Pods-DI Part 3 - GCD.release.xcconfig"; path = "Target Support Files/Pods-DI Part 3 - GCD/Pods-DI Part 3 - GCD.release.xcconfig"; sourceTree = "<group>"; };
/* End PBXFileReference section */

/* Begin PBXFrameworksBuildPhase section */
		5B4717662A2650230038121D /* Frameworks */ = {
			isa = PBXFrameworksBuildPhase;
			buildActionMask = 2147483647;
			files = (
				5B155448A2E08D645D1571FE /* Pods_DI_Part_3___GCD.framework in Frameworks */,
			);
			runOnlyForDeploymentPostprocessing = 0;
		};
/* End PBXFrameworksBuildPhase section */

/* Begin PBXGroup section */
		5B4717602A2650230038121D = {
			isa = PBXGroup;
			children = (
				5B47176B2A2650230038121D /* DI Part 3 - GCD */,
				5B47176A2A2650230038121D /* Products */,
				8EFEBFBA3BF477DCB4463DE7 /* Pods */,
				A9E86568A24E48CE77905D45 /* Frameworks */,
			);
			sourceTree = "<group>";
		};
		5B47176A2A2650230038121D /* Products */ = {
			isa = PBXGroup;
			children = (
				5B4717692A2650230038121D /* DI Part 3 - GCD.app */,
			);
			name = Products;
			sourceTree = "<group>";
		};
		5B47176B2A2650230038121D /* DI Part 3 - GCD */ = {
			isa = PBXGroup;
			children = (
				5B4717842A26D6E70038121D /* Model */,
				5B47176C2A2650230038121D /* AppDelegate.swift */,
				5B47176E2A2650230038121D /* SceneDelegate.swift */,
				5B4717702A2650230038121D /* ViewController.swift */,
				5B4717722A2650230038121D /* Main.storyboard */,
				5B4717752A2650240038121D /* Assets.xcassets */,
				5B4717772A2650240038121D /* LaunchScreen.storyboard */,
				5B47177A2A2650240038121D /* Info.plist */,
			);
			path = "DI Part 3 - GCD";
			sourceTree = "<group>";
		};
		5B4717842A26D6E70038121D /* Model */ = {
			isa = PBXGroup;
			children = (
				5B4717802A2657700038121D /* Response.swift */,
				5B4717852A26D77D0038121D /* ParkInfo.swift */,
				5B4717822A26D6E20038121D /* ParkData.swift */,
			);
			path = Model;
			sourceTree = "<group>";
		};
		8EFEBFBA3BF477DCB4463DE7 /* Pods */ = {
			isa = PBXGroup;
			children = (
				69F52F90AC3D2779F4741408 /* Pods-DI Part 3 - GCD.debug.xcconfig */,
				C4286F94D03C56C0FC1DB82A /* Pods-DI Part 3 - GCD.release.xcconfig */,
			);
			path = Pods;
			sourceTree = "<group>";
		};
		A9E86568A24E48CE77905D45 /* Frameworks */ = {
			isa = PBXGroup;
			children = (
				A955B006CCDB1DA4BBF2647C /* Pods_DI_Part_3___GCD.framework */,
			);
			name = Frameworks;
			sourceTree = "<group>";
		};
/* End PBXGroup section */

/* Begin PBXNativeTarget section */
		5B4717682A2650230038121D /* DI Part 3 - GCD */ = {
			isa = PBXNativeTarget;
			buildConfigurationList = 5B47177D2A2650240038121D /* Build configuration list for PBXNativeTarget "DI Part 3 - GCD" */;
			buildPhases = (
				60B4DC307DB5FF0954FF2A48 /* [CP] Check Pods Manifest.lock */,
				5B4717652A2650230038121D /* Sources */,
				5B4717662A2650230038121D /* Frameworks */,
				5B4717672A2650230038121D /* Resources */,
				627B5395243F26011481917F /* [CP] Embed Pods Frameworks */,
			);
			buildRules = (
			);
			dependencies = (
			);
			name = "DI Part 3 - GCD";
			productName = "DI Part 3 - GCD";
			productReference = 5B4717692A2650230038121D /* DI Part 3 - GCD.app */;
			productType = "com.apple.product-type.application";
		};
/* End PBXNativeTarget section */

/* Begin PBXProject section */
		5B4717612A2650230038121D /* Project object */ = {
			isa = PBXProject;
			attributes = {
				BuildIndependentTargetsInParallel = 1;
				LastSwiftUpdateCheck = 1420;
				LastUpgradeCheck = 1420;
				TargetAttributes = {
					5B4717682A2650230038121D = {
						CreatedOnToolsVersion = 14.2;
					};
				};
			};
			buildConfigurationList = 5B4717642A2650230038121D /* Build configuration list for PBXProject "DI Part 3 - GCD" */;
			compatibilityVersion = "Xcode 14.0";
			developmentRegion = en;
			hasScannedForEncodings = 0;
			knownRegions = (
				en,
				Base,
			);
			mainGroup = 5B4717602A2650230038121D;
			productRefGroup = 5B47176A2A2650230038121D /* Products */;
			projectDirPath = "";
			projectRoot = "";
			targets = (
				5B4717682A2650230038121D /* DI Part 3 - GCD */,
			);
		};
/* End PBXProject section */

/* Begin PBXResourcesBuildPhase section */
		5B4717672A2650230038121D /* Resources */ = {
			isa = PBXResourcesBuildPhase;
			buildActionMask = 2147483647;
			files = (
				5B4717792A2650240038121D /* LaunchScreen.storyboard in Resources */,
				5B4717762A2650240038121D /* Assets.xcassets in Resources */,
				5B4717742A2650230038121D /* Main.storyboard in Resources */,
			);
			runOnlyForDeploymentPostprocessing = 0;
		};
/* End PBXResourcesBuildPhase section */

/* Begin PBXShellScriptBuildPhase section */
		60B4DC307DB5FF0954FF2A48 /* [CP] Check Pods Manifest.lock */ = {
			isa = PBXShellScriptBuildPhase;
			buildActionMask = 2147483647;
			files = (
			);
			inputFileListPaths = (
			);
			inputPaths = (
				"${PODS_PODFILE_DIR_PATH}/Podfile.lock",
				"${PODS_ROOT}/Manifest.lock",
			);
			name = "[CP] Check Pods Manifest.lock";
			outputFileListPaths = (
			);
			outputPaths = (
				"$(DERIVED_FILE_DIR)/Pods-DI Part 3 - GCD-checkManifestLockResult.txt",
			);
			runOnlyForDeploymentPostprocessing = 0;
			shellPath = /bin/sh;
			shellScript = "diff \"${PODS_PODFILE_DIR_PATH}/Podfile.lock\" \"${PODS_ROOT}/Manifest.lock\" > /dev/null\nif [ $? != 0 ] ; then\n    # print error to STDERR\n    echo \"error: The sandbox is not in sync with the Podfile.lock. Run 'pod install' or update your CocoaPods installation.\" >&2\n    exit 1\nfi\n# This output is used by Xcode 'outputs' to avoid re-running this script phase.\necho \"SUCCESS\" > \"${SCRIPT_OUTPUT_FILE_0}\"\n";
			showEnvVarsInLog = 0;
		};
		627B5395243F26011481917F /* [CP] Embed Pods Frameworks */ = {
			isa = PBXShellScriptBuildPhase;
			buildActionMask = 2147483647;
			files = (
			);
			inputFileListPaths = (
				"${PODS_ROOT}/Target Support Files/Pods-DI Part 3 - GCD/Pods-DI Part 3 - GCD-frameworks-${CONFIGURATION}-input-files.xcfilelist",
			);
			name = "[CP] Embed Pods Frameworks";
			outputFileListPaths = (
				"${PODS_ROOT}/Target Support Files/Pods-DI Part 3 - GCD/Pods-DI Part 3 - GCD-frameworks-${CONFIGURATION}-output-files.xcfilelist",
			);
			runOnlyForDeploymentPostprocessing = 0;
			shellPath = /bin/sh;
			shellScript = "\"${PODS_ROOT}/Target Support Files/Pods-DI Part 3 - GCD/Pods-DI Part 3 - GCD-frameworks.sh\"\n";
			showEnvVarsInLog = 0;
		};
/* End PBXShellScriptBuildPhase section */

/* Begin PBXSourcesBuildPhase section */
		5B4717652A2650230038121D /* Sources */ = {
			isa = PBXSourcesBuildPhase;
			buildActionMask = 2147483647;
			files = (
				5B4717812A2657700038121D /* Response.swift in Sources */,
				5B4717862A26D77D0038121D /* ParkInfo.swift in Sources */,
				5B4717712A2650230038121D /* ViewController.swift in Sources */,
				5B4717832A26D6E20038121D /* ParkData.swift in Sources */,
				5B47176D2A2650230038121D /* AppDelegate.swift in Sources */,
				5B47176F2A2650230038121D /* SceneDelegate.swift in Sources */,
			);
			runOnlyForDeploymentPostprocessing = 0;
		};
/* End PBXSourcesBuildPhase section */

/* Begin PBXVariantGroup section */
		5B4717722A2650230038121D /* Main.storyboard */ = {
			isa = PBXVariantGroup;
			children = (
				5B4717732A2650230038121D /* Base */,
			);
			name = Main.storyboard;
			sourceTree = "<group>";
		};
		5B4717772A2650240038121D /* LaunchScreen.storyboard */ = {
			isa = PBXVariantGroup;
			children = (
				5B4717782A2650240038121D /* Base */,
			);
			name = LaunchScreen.storyboard;
			sourceTree = "<group>";
		};
/* End PBXVariantGroup section */

/* Begin XCBuildConfiguration section */
		5B47177B2A2650240038121D /* Debug */ = {
			isa = XCBuildConfiguration;
			buildSettings = {
				ALWAYS_SEARCH_USER_PATHS = NO;
				CLANG_ANALYZER_NONNULL = YES;
				CLANG_ANALYZER_NUMBER_OBJECT_CONVERSION = YES_AGGRESSIVE;
				CLANG_CXX_LANGUAGE_STANDARD = "gnu++20";
				CLANG_ENABLE_MODULES = YES;
				CLANG_ENABLE_OBJC_ARC = YES;
				CLANG_ENABLE_OBJC_WEAK = YES;
				CLANG_WARN_BLOCK_CAPTURE_AUTORELEASING = YES;
				CLANG_WARN_BOOL_CONVERSION = YES;
				CLANG_WARN_COMMA = YES;
				CLANG_WARN_CONSTANT_CONVERSION = YES;
				CLANG_WARN_DEPRECATED_OBJC_IMPLEMENTATIONS = YES;
				CLANG_WARN_DIRECT_OBJC_ISA_USAGE = YES_ERROR;
				CLANG_WARN_DOCUMENTATION_COMMENTS = YES;
				CLANG_WARN_EMPTY_BODY = YES;
				CLANG_WARN_ENUM_CONVERSION = YES;
				CLANG_WARN_INFINITE_RECURSION = YES;
				CLANG_WARN_INT_CONVERSION = YES;
				CLANG_WARN_NON_LITERAL_NULL_CONVERSION = YES;
				CLANG_WARN_OBJC_IMPLICIT_RETAIN_SELF = YES;
				CLANG_WARN_OBJC_LITERAL_CONVERSION = YES;
				CLANG_WARN_OBJC_ROOT_CLASS = YES_ERROR;
				CLANG_WARN_QUOTED_INCLUDE_IN_FRAMEWORK_HEADER = YES;
				CLANG_WARN_RANGE_LOOP_ANALYSIS = YES;
				CLANG_WARN_STRICT_PROTOTYPES = YES;
				CLANG_WARN_SUSPICIOUS_MOVE = YES;
				CLANG_WARN_UNGUARDED_AVAILABILITY = YES_AGGRESSIVE;
				CLANG_WARN_UNREACHABLE_CODE = YES;
				CLANG_WARN__DUPLICATE_METHOD_MATCH = YES;
				COPY_PHASE_STRIP = NO;
				DEBUG_INFORMATION_FORMAT = dwarf;
				ENABLE_STRICT_OBJC_MSGSEND = YES;
				ENABLE_TESTABILITY = YES;
				GCC_C_LANGUAGE_STANDARD = gnu11;
				GCC_DYNAMIC_NO_PIC = NO;
				GCC_NO_COMMON_BLOCKS = YES;
				GCC_OPTIMIZATION_LEVEL = 0;
				GCC_PREPROCESSOR_DEFINITIONS = (
					"DEBUG=1",
					"$(inherited)",
				);
				GCC_WARN_64_TO_32_BIT_CONVERSION = YES;
				GCC_WARN_ABOUT_RETURN_TYPE = YES_ERROR;
				GCC_WARN_UNDECLARED_SELECTOR = YES;
				GCC_WARN_UNINITIALIZED_AUTOS = YES_AGGRESSIVE;
				GCC_WARN_UNUSED_FUNCTION = YES;
				GCC_WARN_UNUSED_VARIABLE = YES;
				IPHONEOS_DEPLOYMENT_TARGET = 16.2;
				MTL_ENABLE_DEBUG_INFO = INCLUDE_SOURCE;
				MTL_FAST_MATH = YES;
				ONLY_ACTIVE_ARCH = YES;
				SDKROOT = iphoneos;
				SWIFT_ACTIVE_COMPILATION_CONDITIONS = DEBUG;
				SWIFT_OPTIMIZATION_LEVEL = "-Onone";
			};
			name = Debug;
		};
		5B47177C2A2650240038121D /* Release */ = {
			isa = XCBuildConfiguration;
			buildSettings = {
				ALWAYS_SEARCH_USER_PATHS = NO;
				CLANG_ANALYZER_NONNULL = YES;
				CLANG_ANALYZER_NUMBER_OBJECT_CONVERSION = YES_AGGRESSIVE;
				CLANG_CXX_LANGUAGE_STANDARD = "gnu++20";
				CLANG_ENABLE_MODULES = YES;
				CLANG_ENABLE_OBJC_ARC = YES;
				CLANG_ENABLE_OBJC_WEAK = YES;
				CLANG_WARN_BLOCK_CAPTURE_AUTORELEASING = YES;
				CLANG_WARN_BOOL_CONVERSION = YES;
				CLANG_WARN_COMMA = YES;
				CLANG_WARN_CONSTANT_CONVERSION = YES;
				CLANG_WARN_DEPRECATED_OBJC_IMPLEMENTATIONS = YES;
				CLANG_WARN_DIRECT_OBJC_ISA_USAGE = YES_ERROR;
				CLANG_WARN_DOCUMENTATION_COMMENTS = YES;
				CLANG_WARN_EMPTY_BODY = YES;
				CLANG_WARN_ENUM_CONVERSION = YES;
				CLANG_WARN_INFINITE_RECURSION = YES;
				CLANG_WARN_INT_CONVERSION = YES;
				CLANG_WARN_NON_LITERAL_NULL_CONVERSION = YES;
				CLANG_WARN_OBJC_IMPLICIT_RETAIN_SELF = YES;
				CLANG_WARN_OBJC_LITERAL_CONVERSION = YES;
				CLANG_WARN_OBJC_ROOT_CLASS = YES_ERROR;
				CLANG_WARN_QUOTED_INCLUDE_IN_FRAMEWORK_HEADER = YES;
				CLANG_WARN_RANGE_LOOP_ANALYSIS = YES;
				CLANG_WARN_STRICT_PROTOTYPES = YES;
				CLANG_WARN_SUSPICIOUS_MOVE = YES;
				CLANG_WARN_UNGUARDED_AVAILABILITY = YES_AGGRESSIVE;
				CLANG_WARN_UNREACHABLE_CODE = YES;
				CLANG_WARN__DUPLICATE_METHOD_MATCH = YES;
				COPY_PHASE_STRIP = NO;
				DEBUG_INFORMATION_FORMAT = "dwarf-with-dsym";
				ENABLE_NS_ASSERTIONS = NO;
				ENABLE_STRICT_OBJC_MSGSEND = YES;
				GCC_C_LANGUAGE_STANDARD = gnu11;
				GCC_NO_COMMON_BLOCKS = YES;
				GCC_WARN_64_TO_32_BIT_CONVERSION = YES;
				GCC_WARN_ABOUT_RETURN_TYPE = YES_ERROR;
				GCC_WARN_UNDECLARED_SELECTOR = YES;
				GCC_WARN_UNINITIALIZED_AUTOS = YES_AGGRESSIVE;
				GCC_WARN_UNUSED_FUNCTION = YES;
				GCC_WARN_UNUSED_VARIABLE = YES;
				IPHONEOS_DEPLOYMENT_TARGET = 16.2;
				MTL_ENABLE_DEBUG_INFO = NO;
				MTL_FAST_MATH = YES;
				SDKROOT = iphoneos;
				SWIFT_COMPILATION_MODE = wholemodule;
				SWIFT_OPTIMIZATION_LEVEL = "-O";
				VALIDATE_PRODUCT = YES;
			};
			name = Release;
		};
		5B47177E2A2650240038121D /* Debug */ = {
			isa = XCBuildConfiguration;
			baseConfigurationReference = 69F52F90AC3D2779F4741408 /* Pods-DI Part 3 - GCD.debug.xcconfig */;
			buildSettings = {
				ASSETCATALOG_COMPILER_APPICON_NAME = AppIcon;
				ASSETCATALOG_COMPILER_GLOBAL_ACCENT_COLOR_NAME = AccentColor;
				CODE_SIGN_STYLE = Automatic;
				CURRENT_PROJECT_VERSION = 1;
				DEVELOPMENT_TEAM = 86Q9XSU8XB;
				GENERATE_INFOPLIST_FILE = YES;
				INFOPLIST_FILE = "DI Part 3 - GCD/Info.plist";
				INFOPLIST_KEY_UIApplicationSupportsIndirectInputEvents = YES;
				INFOPLIST_KEY_UILaunchStoryboardName = LaunchScreen;
				INFOPLIST_KEY_UIMainStoryboardFile = Main;
				INFOPLIST_KEY_UISupportedInterfaceOrientations_iPad = "UIInterfaceOrientationPortrait UIInterfaceOrientationPortraitUpsideDown UIInterfaceOrientationLandscapeLeft UIInterfaceOrientationLandscapeRight";
				INFOPLIST_KEY_UISupportedInterfaceOrientations_iPhone = "UIInterfaceOrientationPortrait UIInterfaceOrientationLandscapeLeft UIInterfaceOrientationLandscapeRight";
				IPHONEOS_DEPLOYMENT_TARGET = 14.0;
				LD_RUNPATH_SEARCH_PATHS = (
					"$(inherited)",
					"@executable_path/Frameworks",
				);
				MARKETING_VERSION = 1.0;
				PRODUCT_BUNDLE_IDENTIFIER = "Janet.DI-Part-3---GCD";
				PRODUCT_NAME = "$(TARGET_NAME)";
				SWIFT_EMIT_LOC_STRINGS = YES;
				SWIFT_VERSION = 5.0;
				TARGETED_DEVICE_FAMILY = "1,2";
			};
			name = Debug;
		};
		5B47177F2A2650240038121D /* Release */ = {
			isa = XCBuildConfiguration;
			baseConfigurationReference = C4286F94D03C56C0FC1DB82A /* Pods-DI Part 3 - GCD.release.xcconfig */;
			buildSettings = {
				ASSETCATALOG_COMPILER_APPICON_NAME = AppIcon;
				ASSETCATALOG_COMPILER_GLOBAL_ACCENT_COLOR_NAME = AccentColor;
				CODE_SIGN_STYLE = Automatic;
				CURRENT_PROJECT_VERSION = 1;
				DEVELOPMENT_TEAM = 86Q9XSU8XB;
				GENERATE_INFOPLIST_FILE = YES;
				INFOPLIST_FILE = "DI Part 3 - GCD/Info.plist";
				INFOPLIST_KEY_UIApplicationSupportsIndirectInputEvents = YES;
				INFOPLIST_KEY_UILaunchStoryboardName = LaunchScreen;
				INFOPLIST_KEY_UIMainStoryboardFile = Main;
				INFOPLIST_KEY_UISupportedInterfaceOrientations_iPad = "UIInterfaceOrientationPortrait UIInterfaceOrientationPortraitUpsideDown UIInterfaceOrientationLandscapeLeft UIInterfaceOrientationLandscapeRight";
				INFOPLIST_KEY_UISupportedInterfaceOrientations_iPhone = "UIInterfaceOrientationPortrait UIInterfaceOrientationLandscapeLeft UIInterfaceOrientationLandscapeRight";
				IPHONEOS_DEPLOYMENT_TARGET = 14.0;
				LD_RUNPATH_SEARCH_PATHS = (
					"$(inherited)",
					"@executable_path/Frameworks",
				);
				MARKETING_VERSION = 1.0;
				PRODUCT_BUNDLE_IDENTIFIER = "Janet.DI-Part-3---GCD";
				PRODUCT_NAME = "$(TARGET_NAME)";
				SWIFT_EMIT_LOC_STRINGS = YES;
				SWIFT_VERSION = 5.0;
				TARGETED_DEVICE_FAMILY = "1,2";
			};
			name = Release;
		};
/* End XCBuildConfiguration section */

/* Begin XCConfigurationList section */
		5B4717642A2650230038121D /* Build configuration list for PBXProject "DI Part 3 - GCD" */ = {
			isa = XCConfigurationList;
			buildConfigurations = (
				5B47177B2A2650240038121D /* Debug */,
				5B47177C2A2650240038121D /* Release */,
			);
			defaultConfigurationIsVisible = 0;
			defaultConfigurationName = Release;
		};
		5B47177D2A2650240038121D /* Build configuration list for PBXNativeTarget "DI Part 3 - GCD" */ = {
			isa = XCConfigurationList;
			buildConfigurations = (
				5B47177E2A2650240038121D /* Debug */,
				5B47177F2A2650240038121D /* Release */,
			);
			defaultConfigurationIsVisible = 0;
			defaultConfigurationName = Release;
		};
/* End XCConfigurationList section */
	};
	rootObject = 5B4717612A2650230038121D /* Project object */;
}
